// !$*UTF8*$!
{
	archiveVersion = 1;
	classes = {
	};
	objectVersion = 46;
	objects = {

/* Begin PBXBuildFile section */
		8466C85C1E334AC800E7A17E /* main.m in Sources */ = {isa = PBXBuildFile; fileRef = 8466C85B1E334AC800E7A17E /* main.m */; };
		8466C85F1E334AC800E7A17E /* AppDelegate.m in Sources */ = {isa = PBXBuildFile; fileRef = 8466C85E1E334AC800E7A17E /* AppDelegate.m */; };
		8466C8621E334AC800E7A17E /* ViewController.m in Sources */ = {isa = PBXBuildFile; fileRef = 8466C8611E334AC800E7A17E /* ViewController.m */; };
		8466C8651E334AC800E7A17E /* Main.storyboard in Resources */ = {isa = PBXBuildFile; fileRef = 8466C8631E334AC800E7A17E /* Main.storyboard */; };
		8466C8671E334AC800E7A17E /* Assets.xcassets in Resources */ = {isa = PBXBuildFile; fileRef = 8466C8661E334AC800E7A17E /* Assets.xcassets */; };
		8466C86A1E334AC800E7A17E /* LaunchScreen.storyboard in Resources */ = {isa = PBXBuildFile; fileRef = 8466C8681E334AC800E7A17E /* LaunchScreen.storyboard */; };
		8466C8741E334B0000E7A17E /* Reachability.m in Sources */ = {isa = PBXBuildFile; fileRef = 8466C8731E334B0000E7A17E /* Reachability.m */; };
/* End PBXBuildFile section */

/* Begin PBXFileReference section */
		8466C8571E334AC800E7A17E /* ReachabilityDemo.app */ = {isa = PBXFileReference; explicitFileType = wrapper.application; includeInIndex = 0; path = ReachabilityDemo.app; sourceTree = BUILT_PRODUCTS_DIR; };
		8466C85B1E334AC800E7A17E /* main.m */ = {isa = PBXFileReference; lastKnownFileType = sourcecode.c.objc; path = main.m; sourceTree = "<group>"; };
		8466C85D1E334AC800E7A17E /* AppDelegate.h */ = {isa = PBXFileReference; lastKnownFileType = sourcecode.c.h; path = AppDelegate.h; sourceTree = "<group>"; };
		8466C85E1E334AC800E7A17E /* AppDelegate.m */ = {isa = PBXFileReference; lastKnownFileType = sourcecode.c.objc; path = AppDelegate.m; sourceTree = "<group>"; };
		8466C8601E334AC800E7A17E /* ViewController.h */ = {isa = PBXFileReference; lastKnownFileType = sourcecode.c.h; path = ViewController.h; sourceTree = "<group>"; };
		8466C8611E334AC800E7A17E /* ViewController.m */ = {isa = PBXFileReference; lastKnownFileType = sourcecode.c.objc; path = ViewController.m; sourceTree = "<group>"; };
		8466C8641E334AC800E7A17E /* Base */ = {isa = PBXFileReference; lastKnownFileType = file.storyboard; name = Base; path = Base.lproj/Main.storyboard; sourceTree = "<group>"; };
		8466C8661E334AC800E7A17E /* Assets.xcassets */ = {isa = PBXFileReference; lastKnownFileType = folder.assetcatalog; path = Assets.xcassets; sourceTree = "<group>"; };
		8466C8691E334AC800E7A17E /* Base */ = {isa = PBXFileReference; lastKnownFileType = file.storyboard; name = Base; path = Base.lproj/LaunchScreen.storyboard; sourceTree = "<group>"; };
		8466C86B1E334AC800E7A17E /* Info.plist */ = {isa = PBXFileReference; lastKnownFileType = text.plist.xml; path = Info.plist; sourceTree = "<group>"; };
		8466C8721E334B0000E7A17E /* Reachability.h */ = {isa = PBXFileReference; fileEncoding = 4; lastKnownFileType = sourcecode.c.h; path = Reachability.h; sourceTree = "<group>"; };
		8466C8731E334B0000E7A17E /* Reachability.m */ = {isa = PBXFileReference; fileEncoding = 4; lastKnownFileType = sourcecode.c.objc; path = Reachability.m; sourceTree = "<group>"; };
/* End PBXFileReference section */

/* Begin PBXFrameworksBuildPhase section */
		8466C8541E334AC800E7A17E /* Frameworks */ = {
			isa = PBXFrameworksBuildPhase;
			buildActionMask = 2147483647;
			files = (
			);
			runOnlyForDeploymentPostprocessing = 0;
		};
/* End PBXFrameworksBuildPhase section */

/* Begin PBXGroup section */
		8466C84E1E334AC800E7A17E = {
			isa = PBXGroup;
			children = (
				8466C8591E334AC800E7A17E /* ReachabilityDemo */,
				8466C8581E334AC800E7A17E /* Products */,
			);
			sourceTree = "<group>";
		};
		8466C8581E334AC800E7A17E /* Products */ = {
			isa = PBXGroup;
			children = (
				8466C8571E334AC800E7A17E /* ReachabilityDemo.app */,
			);
			name = Products;
			sourceTree = "<group>";
		};
		8466C8591E334AC800E7A17E /* ReachabilityDemo */ = {
			isa = PBXGroup;
			children = (
				8466C8711E334AED00E7A17E /* Reachability */,
				8466C85D1E334AC800E7A17E /* AppDelegate.h */,
				8466C85E1E334AC800E7A17E /* AppDelegate.m */,
				8466C8601E334AC800E7A17E /* ViewController.h */,
				8466C8611E334AC800E7A17E /* ViewController.m */,
				8466C8631E334AC800E7A17E /* Main.storyboard */,
				8466C8661E334AC800E7A17E /* Assets.xcassets */,
				8466C8681E334AC800E7A17E /* LaunchScreen.storyboard */,
				8466C86B1E334AC800E7A17E /* Info.plist */,
				8466C85A1E334AC800E7A17E /* Supporting Files */,
			);
			path = ReachabilityDemo;
			sourceTree = "<group>";
		};
		8466C85A1E334AC800E7A17E /* Supporting Files */ = {
			isa = PBXGroup;
			children = (
				8466C85B1E334AC800E7A17E /* main.m */,
			);
			name = "Supporting Files";
			sourceTree = "<group>";
		};
		8466C8711E334AED00E7A17E /* Reachability */ = {
			isa = PBXGroup;
			children = (
				8466C8721E334B0000E7A17E /* Reachability.h */,
				8466C8731E334B0000E7A17E /* Reachability.m */,
			);
			path = Reachability;
			sourceTree = "<group>";
		};
/* End PBXGroup section */

/* Begin PBXNativeTarget section */
		8466C8561E334AC800E7A17E /* ReachabilityDemo */ = {
			isa = PBXNativeTarget;
			buildConfigurationList = 8466C86E1E334AC800E7A17E /* Build configuration list for PBXNativeTarget "ReachabilityDemo" */;
			buildPhases = (
				8466C8531E334AC800E7A17E /* Sources */,
				8466C8541E334AC800E7A17E /* Frameworks */,
				8466C8551E334AC800E7A17E /* Resources */,
			);
			buildRules = (
			);
			dependencies = (
			);
			name = ReachabilityDemo;
			productName = ReachabilityDemo;
			productReference = 8466C8571E334AC800E7A17E /* ReachabilityDemo.app */;
			productType = "com.apple.product-type.application";
		};
/* End PBXNativeTarget section */

/* Begin PBXProject section */
		8466C84F1E334AC800E7A17E /* Project object */ = {
			isa = PBXProject;
			attributes = {
				LastUpgradeCheck = 0730;
				ORGANIZATIONNAME = Admin;
				TargetAttributes = {
					8466C8561E334AC800E7A17E = {
						CreatedOnToolsVersion = 7.3.1;
					};
				};
			};
			buildConfigurationList = 8466C8521E334AC800E7A17E /* Build configuration list for PBXProject "ReachabilityDemo" */;
			compatibilityVersion = "Xcode 3.2";
			developmentRegion = English;
			hasScannedForEncodings = 0;
			knownRegions = (
				en,
				Base,
			);
			mainGroup = 8466C84E1E334AC800E7A17E;
			productRefGroup = 8466C8581E334AC800E7A17E /* Products */;
			projectDirPath = "";
			projectRoot = "";
			targets = (
				8466C8561E334AC800E7A17E /* ReachabilityDemo */,
			);
		};
/* End PBXProject section */

/* Begin PBXResourcesBuildPhase section */
		8466C8551E334AC800E7A17E /* Resources */ = {
			isa = PBXResourcesBuildPhase;
			buildActionMask = 2147483647;
			files = (
				8466C86A1E334AC800E7A17E /* LaunchScreen.storyboard in Resources */,
				8466C8671E334AC800E7A17E /* Assets.xcassets in Resources */,
				8466C8651E334AC800E7A17E /* Main.storyboard in Resources */,
			);
			runOnlyForDeploymentPostprocessing = 0;
		};
/* End PBXResourcesBuildPhase section */

/* Begin PBXSourcesBuildPhase section */
		8466C8531E334AC800E7A17E /* Sources */ = {
			isa = PBXSourcesBuildPhase;
			buildActionMask = 2147483647;
			files = (
				8466C8621E334AC800E7A17E /* ViewController.m in Sources */,
				8466C85F1E334AC800E7A17E /* AppDelegate.m in Sources */,
				8466C8741E334B0000E7A17E /* Reachability.m in Sources */,
				8466C85C1E334AC800E7A17E /* main.m in Sources */,
			);
			runOnlyForDeploymentPostprocessing = 0;
		};
/* End PBXSourcesBuildPhase section */

/* Begin PBXVariantGroup section */
		8466C8631E334AC800E7A17E /* Main.storyboard */ = {
			isa = PBXVariantGroup;
			children = (
				8466C8641E334AC800E7A17E /* Base */,
			);
			name = Main.storyboard;
			sourceTree = "<group>";
		};
		8466C8681E334AC800E7A17E /* LaunchScreen.storyboard */ = {
			isa = PBXVariantGroup;
			children = (
				8466C8691E334AC800E7A17E /* Base */,
			);
			name = LaunchScreen.storyboard;
			sourceTree = "<group>";
		};
/* End PBXVariantGroup section */

/* Begin XCBuildConfiguration section */
		8466C86C1E334AC800E7A17E /* Debug */ = {
			isa = XCBuildConfiguration;
			buildSettings = {
				ALWAYS_SEARCH_USER_PATHS = NO;
				CLANG_ANALYZER_NONNULL = YES;
				CLANG_CXX_LANGUAGE_STANDARD = "gnu++0x";
				CLANG_CXX_LIBRARY = "libc++";
				CLANG_ENABLE_MODULES = YES;
				CLANG_ENABLE_OBJC_ARC = YES;
				CLANG_WARN_BOOL_CONVERSION = YES;
				CLANG_WARN_CONSTANT_CONVERSION = YES;
				CLANG_WARN_DIRECT_OBJC_ISA_USAGE = YES_ERROR;
				CLANG_WARN_EMPTY_BODY = YES;
				CLANG_WARN_ENUM_CONVERSION = YES;
				CLANG_WARN_INT_CONVERSION = YES;
				CLANG_WARN_OBJC_ROOT_CLASS = YES_ERROR;
				CLANG_WARN_UNREACHABLE_CODE = YES;
				CLANG_WARN__DUPLICATE_METHOD_MATCH = YES;
				"CODE_SIGN_IDENTITY[sdk=iphoneos*]" = "iPhone Developer";
				COPY_PHASE_STRIP = NO;
				DEBUG_INFORMATION_FORMAT = dwarf;
				ENABLE_STRICT_OBJC_MSGSEND = YES;
				ENABLE_TESTABILITY = YES;
				GCC_C_LANGUAGE_STANDARD = gnu99;
				GCC_DYNAMIC_NO_PIC = NO;
				GCC_NO_COMMON_BLOCKS = YES;
				GCC_OPTIMIZATION_LEVEL = 0;
				GCC_PREPROCESSOR_DEFINITIONS = (
					"DEBUG=1",
					"$(inherited)",
				);
				GCC_WARN_64_TO_32_BIT_CONVERSION = YES;
				GCC_WARN_ABOUT_RETURN_TYPE = YES_ERROR;
				GCC_WARN_UNDECLARED_SELECTOR = YES;
				GCC_WARN_UNINITIALIZED_AUTOS = YES_AGGRESSIVE;
				GCC_WARN_UNUSED_FUNCTION = YES;
				GCC_WARN_UNUSED_VARIABLE = YES;
				IPHONEOS_DEPLOYMENT_TARGET = 9.3;
				MTL_ENABLE_DEBUG_INFO = YES;
				ONLY_ACTIVE_ARCH = YES;
				SDKROOT = iphoneos;
				TARGETED_DEVICE_FAMILY = "1,2";
			};
			name = Debug;
		};
		8466C86D1E334AC800E7A17E /* Release */ = {
			isa = XCBuildConfiguration;
			buildSettings = {
				ALWAYS_SEARCH_USER_PATHS = NO;
				CLANG_ANALYZER_NONNULL = YES;
				CLANG_CXX_LANGUAGE_STANDARD = "gnu++0x";
				CLANG_CXX_LIBRARY = "libc++";
				CLANG_ENABLE_MODULES = YES;
				CLANG_ENABLE_OBJC_ARC = YES;
				CLANG_WARN_BOOL_CONVERSION = YES;
				CLANG_WARN_CONSTANT_CONVERSION = YES;
				CLANG_WARN_DIRECT_OBJC_ISA_USAGE = YES_ERROR;
				CLANG_WARN_EMPTY_BODY = YES;
				CLANG_WARN_ENUM_CONVERSION = YES;
				CLANG_WARN_INT_CONVERSION = YES;
				CLANG_WARN_OBJC_ROOT_CLASS = YES_ERROR;
				CLANG_WARN_UNREACHABLE_CODE = YES;
				CLANG_WARN__DUPLICATE_METHOD_MATCH = YES;
				"CODE_SIGN_IDENTITY[sdk=iphoneos*]" = "iPhone Developer";
				COPY_PHASE_STRIP = NO;
				DEBUG_INFORMATION_FORMAT = "dwarf-with-dsym";
				ENABLE_NS_ASSERTIONS = NO;
				ENABLE_STRICT_OBJC_MSGSEND = YES;
				GCC_C_LANGUAGE_STANDARD = gnu99;
				GCC_NO_COMMON_BLOCKS = YES;
				GCC_WARN_64_TO_32_BIT_CONVERSION = YES;
				GCC_WARN_ABOUT_RETURN_TYPE = YES_ERROR;
				GCC_WARN_UNDECLARED_SELECTOR = YES;
				GCC_WARN_UNINITIALIZED_AUTOS = YES_AGGRESSIVE;
				GCC_WARN_UNUSED_FUNCTION = YES;
				GCC_WARN_UNUSED_VARIABLE = YES;
				IPHONEOS_DEPLOYMENT_TARGET = 9.3;
				MTL_ENABLE_DEBUG_INFO = NO;
				SDKROOT = iphoneos;
				TARGETED_DEVICE_FAMILY = "1,2";
				VALIDATE_PRODUCT = YES;
			};
			name = Release;
		};
		8466C86F1E334AC800E7A17E /* Debug */ = {
			isa = XCBuildConfiguration;
			buildSettings = {
				ASSETCATALOG_COMPILER_APPICON_NAME = AppIcon;
				INFOPLIST_FILE = ReachabilityDemo/Info.plist;
				LD_RUNPATH_SEARCH_PATHS = "$(inherited) @executable_path/Frameworks";
				PRODUCT_BUNDLE_IDENTIFIER = WB.ReachabilityDemo;
				PRODUCT_NAME = "$(TARGET_NAME)";
			};
			name = Debug;
		};
		8466C8701E334AC800E7A17E /* Release */ = {
			isa = XCBuildConfiguration;
			buildSettings = {
				ASSETCATALOG_COMPILER_APPICON_NAME = AppIcon;
				INFOPLIST_FILE = ReachabilityDemo/Info.plist;
				LD_RUNPATH_SEARCH_PATHS = "$(inherited) @executable_path/Frameworks";
				PRODUCT_BUNDLE_IDENTIFIER = WB.ReachabilityDemo;
				PRODUCT_NAME = "$(TARGET_NAME)";
			};
			name = Release;
		};
/* End XCBuildConfiguration section */

/* Begin XCConfigurationList section */
		8466C8521E334AC800E7A17E /* Build configuration list for PBXProject "ReachabilityDemo" */ = {
			isa = XCConfigurationList;
			buildConfigurations = (
				8466C86C1E334AC800E7A17E /* Debug */,
				8466C86D1E334AC800E7A17E /* Release */,
			);
			defaultConfigurationIsVisible = 0;
			defaultConfigurationName = Release;
		};
		8466C86E1E334AC800E7A17E /* Build configuration list for PBXNativeTarget "ReachabilityDemo" */ = {
			isa = XCConfigurationList;
			buildConfigurations = (
				8466C86F1E334AC800E7A17E /* Debug */,
				8466C8701E334AC800E7A17E /* Release */,
			);
			defaultConfigurationIsVisible = 0;
		};
/* End XCConfigurationList section */
	};
	rootObject = 8466C84F1E334AC800E7A17E /* Project object */;
}
